
Microsoft Visual Studio Solution File, Format Version 12.00
# Visual Studio 2013
VisualStudioVersion = 12.0.30110.0
MinimumVisualStudioVersion = 10.0.40219.1
Project("{2150E333-8FDC-42A3-9474-1A3956D46DE8}") = ".nuget", ".nuget", "{11531FDB-5C48-4E0B-98BF-0E8299F368D1}"
	ProjectSection(SolutionItems) = preProject
		.nuget\NuGet.Config = .nuget\NuGet.Config
		.nuget\NuGet.exe = .nuget\NuGet.exe
		.nuget\NuGet.targets = .nuget\NuGet.targets
	EndProjectSection
EndProject
Project("{FAE04EC0-301F-11D3-BF4B-00C04F79EFBC}") = "Website.Tests", "Website.Tests\Website.Tests.csproj", "{6F4C1001-0A68-4A76-AEB5-85F44AB890FE}"
EndProject
Project("{FAE04EC0-301F-11D3-BF4B-00C04F79EFBC}") = "Website", "Website\Website.csproj", "{55FFB776-3638-4D3F-8D07-E9FAB6415BCA}"
EndProject
Project("{FAE04EC0-301F-11D3-BF4B-00C04F79EFBC}") = "Console.DataImporter", "Console.DataImporter\Console.DataImporter.csproj", "{0E2EE273-E64D-4E7B-A514-1A7E0E3F2458}"
EndProject
Project("{FAE04EC0-301F-11D3-BF4B-00C04F79EFBC}") = "Console.ExpirationChecker", "Console.ExpirationChecker\Console.ExpirationChecker.csproj", "{69F76461-E5E7-4CB0-B368-AAF7CD4F852B}"
EndProject
Project("{2150E333-8FDC-42A3-9474-1A3956D46DE8}") = "Solution Items", "Solution Items", "{9DA9D1A6-9F49-41A6-B30A-08BB492D888B}"
	ProjectSection(SolutionItems) = preProject
		.gitignore = .gitignore
		LICENSE.md = LICENSE.md
		README.md = README.md
	EndProjectSection
EndProject
Project("{FAE04EC0-301F-11D3-BF4B-00C04F79EFBC}") = "Core", "Core\Core.csproj", "{48695F3E-A754-4A33-B22B-86CD55939CC6}"
EndProject
Project("{FAE04EC0-301F-11D3-BF4B-00C04F79EFBC}") = "Core.IntegrationTests", "Core.IntegrationTests\Core.IntegrationTests.csproj", "{A2D0C45D-EA33-4C28-A275-664C4D5AD157}"
EndProject
Project("{FAE04EC0-301F-11D3-BF4B-00C04F79EFBC}") = "Core.Tests", "Core.Tests\Core.Tests.csproj", "{2360E298-C958-47FF-A7A0-97939EFE0D7E}"
EndProject
Project("{FAE04EC0-301F-11D3-BF4B-00C04F79EFBC}") = "Console.DataImporter.Tests", "Console.DataImporter.Tests\Console.DataImporter.Tests.csproj", "{8D4F553B-E05F-4FF9-B156-136ED315A2DB}"
EndProject
Global
	GlobalSection(SolutionConfigurationPlatforms) = preSolution
		Debug|Any CPU = Debug|Any CPU
		Release|Any CPU = Release|Any CPU
		Staging|Any CPU = Staging|Any CPU
	EndGlobalSection
	GlobalSection(ProjectConfigurationPlatforms) = postSolution
		{6F4C1001-0A68-4A76-AEB5-85F44AB890FE}.Debug|Any CPU.ActiveCfg = Debug|Any CPU
		{6F4C1001-0A68-4A76-AEB5-85F44AB890FE}.Debug|Any CPU.Build.0 = Debug|Any CPU
		{6F4C1001-0A68-4A76-AEB5-85F44AB890FE}.Release|Any CPU.ActiveCfg = Release|Any CPU
		{6F4C1001-0A68-4A76-AEB5-85F44AB890FE}.Release|Any CPU.Build.0 = Release|Any CPU
		{6F4C1001-0A68-4A76-AEB5-85F44AB890FE}.Staging|Any CPU.ActiveCfg = Staging|Any CPU
		{6F4C1001-0A68-4A76-AEB5-85F44AB890FE}.Staging|Any CPU.Build.0 = Staging|Any CPU
		{55FFB776-3638-4D3F-8D07-E9FAB6415BCA}.Debug|Any CPU.ActiveCfg = Debug|Any CPU
		{55FFB776-3638-4D3F-8D07-E9FAB6415BCA}.Debug|Any CPU.Build.0 = Debug|Any CPU
		{55FFB776-3638-4D3F-8D07-E9FAB6415BCA}.Release|Any CPU.ActiveCfg = Release|Any CPU
		{55FFB776-3638-4D3F-8D07-E9FAB6415BCA}.Release|Any CPU.Build.0 = Release|Any CPU
		{55FFB776-3638-4D3F-8D07-E9FAB6415BCA}.Staging|Any CPU.ActiveCfg = Staging|Any CPU
		{55FFB776-3638-4D3F-8D07-E9FAB6415BCA}.Staging|Any CPU.Build.0 = Staging|Any CPU
		{0E2EE273-E64D-4E7B-A514-1A7E0E3F2458}.Debug|Any CPU.ActiveCfg = Debug|Any CPU
		{0E2EE273-E64D-4E7B-A514-1A7E0E3F2458}.Debug|Any CPU.Build.0 = Debug|Any CPU
		{0E2EE273-E64D-4E7B-A514-1A7E0E3F2458}.Release|Any CPU.ActiveCfg = Release|Any CPU
		{0E2EE273-E64D-4E7B-A514-1A7E0E3F2458}.Release|Any CPU.Build.0 = Release|Any CPU
		{0E2EE273-E64D-4E7B-A514-1A7E0E3F2458}.Staging|Any CPU.ActiveCfg = Staging|Any CPU
		{0E2EE273-E64D-4E7B-A514-1A7E0E3F2458}.Staging|Any CPU.Build.0 = Staging|Any CPU
		{69F76461-E5E7-4CB0-B368-AAF7CD4F852B}.Debug|Any CPU.ActiveCfg = Debug|Any CPU
		{69F76461-E5E7-4CB0-B368-AAF7CD4F852B}.Debug|Any CPU.Build.0 = Debug|Any CPU
		{69F76461-E5E7-4CB0-B368-AAF7CD4F852B}.Release|Any CPU.ActiveCfg = Release|Any CPU
		{69F76461-E5E7-4CB0-B368-AAF7CD4F852B}.Release|Any CPU.Build.0 = Release|Any CPU
		{69F76461-E5E7-4CB0-B368-AAF7CD4F852B}.Staging|Any CPU.ActiveCfg = Staging|Any CPU
		{69F76461-E5E7-4CB0-B368-AAF7CD4F852B}.Staging|Any CPU.Build.0 = Staging|Any CPU
		{48695F3E-A754-4A33-B22B-86CD55939CC6}.Debug|Any CPU.ActiveCfg = Debug|Any CPU
		{48695F3E-A754-4A33-B22B-86CD55939CC6}.Debug|Any CPU.Build.0 = Debug|Any CPU
		{48695F3E-A754-4A33-B22B-86CD55939CC6}.Release|Any CPU.ActiveCfg = Release|Any CPU
		{48695F3E-A754-4A33-B22B-86CD55939CC6}.Release|Any CPU.Build.0 = Release|Any CPU
		{48695F3E-A754-4A33-B22B-86CD55939CC6}.Staging|Any CPU.ActiveCfg = Staging|Any CPU
		{48695F3E-A754-4A33-B22B-86CD55939CC6}.Staging|Any CPU.Build.0 = Staging|Any CPU
		{A2D0C45D-EA33-4C28-A275-664C4D5AD157}.Debug|Any CPU.ActiveCfg = Debug|Any CPU
		{A2D0C45D-EA33-4C28-A275-664C4D5AD157}.Debug|Any CPU.Build.0 = Debug|Any CPU
		{A2D0C45D-EA33-4C28-A275-664C4D5AD157}.Release|Any CPU.ActiveCfg = Release|Any CPU
		{A2D0C45D-EA33-4C28-A275-664C4D5AD157}.Release|Any CPU.Build.0 = Release|Any CPU
		{A2D0C45D-EA33-4C28-A275-664C4D5AD157}.Staging|Any CPU.ActiveCfg = Staging|Any CPU
		{A2D0C45D-EA33-4C28-A275-664C4D5AD157}.Staging|Any CPU.Build.0 = Staging|Any CPU
		{2360E298-C958-47FF-A7A0-97939EFE0D7E}.Debug|Any CPU.ActiveCfg = Debug|Any CPU
		{2360E298-C958-47FF-A7A0-97939EFE0D7E}.Debug|Any CPU.Build.0 = Debug|Any CPU
		{2360E298-C958-47FF-A7A0-97939EFE0D7E}.Release|Any CPU.ActiveCfg = Release|Any CPU
		{2360E298-C958-47FF-A7A0-97939EFE0D7E}.Release|Any CPU.Build.0 = Release|Any CPU
		{2360E298-C958-47FF-A7A0-97939EFE0D7E}.Staging|Any CPU.ActiveCfg = Staging|Any CPU
		{2360E298-C958-47FF-A7A0-97939EFE0D7E}.Staging|Any CPU.Build.0 = Staging|Any CPU
		{8D4F553B-E05F-4FF9-B156-136ED315A2DB}.Debug|Any CPU.ActiveCfg = Debug|Any CPU
		{8D4F553B-E05F-4FF9-B156-136ED315A2DB}.Debug|Any CPU.Build.0 = Debug|Any CPU
		{8D4F553B-E05F-4FF9-B156-136ED315A2DB}.Release|Any CPU.ActiveCfg = Release|Any CPU
		{8D4F553B-E05F-4FF9-B156-136ED315A2DB}.Release|Any CPU.Build.0 = Release|Any CPU
		{8D4F553B-E05F-4FF9-B156-136ED315A2DB}.Staging|Any CPU.ActiveCfg = Release|Any CPU
		{8D4F553B-E05F-4FF9-B156-136ED315A2DB}.Staging|Any CPU.Build.0 = Release|Any CPU
	EndGlobalSection
	GlobalSection(SolutionProperties) = preSolution
		HideSolutionNode = FALSE
	EndGlobalSection
EndGlobal
